
Microsoft Visual Studio Solution File, Format Version 12.00
# Visual Studio Version 16
VisualStudioVersion = 16.0.32228.343
MinimumVisualStudioVersion = 10.0.40219.1
Project("{FAE04EC0-301F-11D3-BF4B-00C04F79EFBC}") = "5-CaracteresETexto", "5-CaracteresETexto\5-CaracteresETexto.csproj", "{0B536897-BAA0-4090-A738-D1A0897C5DC3}"
EndProject
Global
	GlobalSection(SolutionConfigurationPlatforms) = preSolution
		Debug|Any CPU = Debug|Any CPU
		Release|Any CPU = Release|Any CPU
	EndGlobalSection
	GlobalSection(ProjectConfigurationPlatforms) = postSolution
		{0B536897-BAA0-4090-A738-D1A0897C5DC3}.Debug|Any CPU.ActiveCfg = Debug|Any CPU
		{0B536897-BAA0-4090-A738-D1A0897C5DC3}.Debug|Any CPU.Build.0 = Debug|Any CPU
		{0B536897-BAA0-4090-A738-D1A0897C5DC3}.Release|Any CPU.ActiveCfg = Release|Any CPU
		{0B536897-BAA0-4090-A738-D1A0897C5DC3}.Release|Any CPU.Build.0 = Release|Any CPU
	EndGlobalSection
	GlobalSection(SolutionProperties) = preSolution
		HideSolutionNode = FALSE
	EndGlobalSection
	GlobalSection(ExtensibilityGlobals) = postSolution
		SolutionGuid = {E18978C6-4179-4382-AC03-CE988CC28015}
	EndGlobalSection
EndGlobal
