
Microsoft Visual Studio Solution File, Format Version 12.00
# Visual Studio Version 16
VisualStudioVersion = 16.0.32228.343
MinimumVisualStudioVersion = 10.0.40219.1
Project("{FAE04EC0-301F-11D3-BF4B-00C04F79EFBC}") = "byteBank", "byteBank\byteBank.csproj", "{097FEE7C-9C46-4B88-88FE-26E4167B4C5E}"
EndProject
Global
	GlobalSection(SolutionConfigurationPlatforms) = preSolution
		Debug|Any CPU = Debug|Any CPU
		Release|Any CPU = Release|Any CPU
	EndGlobalSection
	GlobalSection(ProjectConfigurationPlatforms) = postSolution
		{097FEE7C-9C46-4B88-88FE-26E4167B4C5E}.Debug|Any CPU.ActiveCfg = Debug|Any CPU
		{097FEE7C-9C46-4B88-88FE-26E4167B4C5E}.Debug|Any CPU.Build.0 = Debug|Any CPU
		{097FEE7C-9C46-4B88-88FE-26E4167B4C5E}.Release|Any CPU.ActiveCfg = Release|Any CPU
		{097FEE7C-9C46-4B88-88FE-26E4167B4C5E}.Release|Any CPU.Build.0 = Release|Any CPU
	EndGlobalSection
	GlobalSection(SolutionProperties) = preSolution
		HideSolutionNode = FALSE
	EndGlobalSection
	GlobalSection(ExtensibilityGlobals) = postSolution
		SolutionGuid = {A3BAA6CF-B1B1-4735-8B30-3C7B0898D880}
	EndGlobalSection
EndGlobal
